
Microsoft Visual Studio Solution File, Format Version 12.00
# Visual Studio Version 16
VisualStudioVersion = 16.0.31321.278
MinimumVisualStudioVersion = 10.0.40219.1
Project("{8BC9CEB8-8B4A-11D0-8D11-00A0C91BC942}") = "Client", "Client\Client.vcxproj", "{4C3B697D-DE3A-4F09-BCE3-B5EF281E7626}"
EndProject
Project("{8BC9CEB8-8B4A-11D0-8D11-00A0C91BC942}") = "Engine", "Engine\Engine.vcxproj", "{38F07C5C-C553-4257-94E5-6F7D2FF7DA41}"
EndProject
Global
	GlobalSection(SolutionConfigurationPlatforms) = preSolution
		Debug|x64 = Debug|x64
		Debug|x86 = Debug|x86
		Release|x64 = Release|x64
		Release|x86 = Release|x86
	EndGlobalSection
	GlobalSection(ProjectConfigurationPlatforms) = postSolution
		{4C3B697D-DE3A-4F09-BCE3-B5EF281E7626}.Debug|x64.ActiveCfg = Debug|x64
		{4C3B697D-DE3A-4F09-BCE3-B5EF281E7626}.Debug|x64.Build.0 = Debug|x64
		{4C3B697D-DE3A-4F09-BCE3-B5EF281E7626}.Debug|x86.ActiveCfg = Debug|Win32
		{4C3B697D-DE3A-4F09-BCE3-B5EF281E7626}.Debug|x86.Build.0 = Debug|Win32
		{4C3B697D-DE3A-4F09-BCE3-B5EF281E7626}.Release|x64.ActiveCfg = Release|x64
		{4C3B697D-DE3A-4F09-BCE3-B5EF281E7626}.Release|x64.Build.0 = Release|x64
		{4C3B697D-DE3A-4F09-BCE3-B5EF281E7626}.Release|x86.ActiveCfg = Release|Win32
		{4C3B697D-DE3A-4F09-BCE3-B5EF281E7626}.Release|x86.Build.0 = Release|Win32
		{38F07C5C-C553-4257-94E5-6F7D2FF7DA41}.Debug|x64.ActiveCfg = Debug|x64
		{38F07C5C-C553-4257-94E5-6F7D2FF7DA41}.Debug|x64.Build.0 = Debug|x64
		{38F07C5C-C553-4257-94E5-6F7D2FF7DA41}.Debug|x86.ActiveCfg = Debug|Win32
		{38F07C5C-C553-4257-94E5-6F7D2FF7DA41}.Debug|x86.Build.0 = Debug|Win32
		{38F07C5C-C553-4257-94E5-6F7D2FF7DA41}.Release|x64.ActiveCfg = Release|x64
		{38F07C5C-C553-4257-94E5-6F7D2FF7DA41}.Release|x64.Build.0 = Release|x64
		{38F07C5C-C553-4257-94E5-6F7D2FF7DA41}.Release|x86.ActiveCfg = Release|Win32
		{38F07C5C-C553-4257-94E5-6F7D2FF7DA41}.Release|x86.Build.0 = Release|Win32
	EndGlobalSection
	GlobalSection(SolutionProperties) = preSolution
		HideSolutionNode = FALSE
	EndGlobalSection
	GlobalSection(ExtensibilityGlobals) = postSolution
		SolutionGuid = {45047950-4921-40B9-8153-0A8B0B06085F}
	EndGlobalSection
EndGlobal
